// !$*UTF8*$!
{
	archiveVersion = 1;
	classes = {
	};
	objectVersion = 55;
	objects = {

/* Begin PBXBuildFile section */
		9E406D7D2885ECFD00385A0B /* AppDelegate.swift in Sources */ = {isa = PBXBuildFile; fileRef = 9E406D7C2885ECFD00385A0B /* AppDelegate.swift */; };
		9E406D7F2885ECFD00385A0B /* SceneDelegate.swift in Sources */ = {isa = PBXBuildFile; fileRef = 9E406D7E2885ECFD00385A0B /* SceneDelegate.swift */; };
		9E406D812885ECFD00385A0B /* ViewController.swift in Sources */ = {isa = PBXBuildFile; fileRef = 9E406D802885ECFD00385A0B /* ViewController.swift */; };
		9E406D842885ECFD00385A0B /* Main.storyboard in Resources */ = {isa = PBXBuildFile; fileRef = 9E406D822885ECFD00385A0B /* Main.storyboard */; };
		9E406D862885ECFE00385A0B /* Assets.xcassets in Resources */ = {isa = PBXBuildFile; fileRef = 9E406D852885ECFE00385A0B /* Assets.xcassets */; };
		9E406D892885ECFE00385A0B /* LaunchScreen.storyboard in Resources */ = {isa = PBXBuildFile; fileRef = 9E406D872885ECFE00385A0B /* LaunchScreen.storyboard */; };
		9E406D922885ED1900385A0B /* Weather.swift in Sources */ = {isa = PBXBuildFile; fileRef = 9E406D912885ED1900385A0B /* Weather.swift */; };
		9E406D952885EE5900385A0B /* Webservice.swift in Sources */ = {isa = PBXBuildFile; fileRef = 9E406D942885EE5900385A0B /* Webservice.swift */; };
		9E406D982885EE7B00385A0B /* Constants.swift in Sources */ = {isa = PBXBuildFile; fileRef = 9E406D972885EE7B00385A0B /* Constants.swift */; };
/* End PBXBuildFile section */

/* Begin PBXFileReference section */
		9E406D792885ECFD00385A0B /* WeatherAppWithCombine.app */ = {isa = PBXFileReference; explicitFileType = wrapper.application; includeInIndex = 0; path = WeatherAppWithCombine.app; sourceTree = BUILT_PRODUCTS_DIR; };
		9E406D7C2885ECFD00385A0B /* AppDelegate.swift */ = {isa = PBXFileReference; lastKnownFileType = sourcecode.swift; path = AppDelegate.swift; sourceTree = "<group>"; };
		9E406D7E2885ECFD00385A0B /* SceneDelegate.swift */ = {isa = PBXFileReference; lastKnownFileType = sourcecode.swift; path = SceneDelegate.swift; sourceTree = "<group>"; };
		9E406D802885ECFD00385A0B /* ViewController.swift */ = {isa = PBXFileReference; lastKnownFileType = sourcecode.swift; path = ViewController.swift; sourceTree = "<group>"; };
		9E406D832885ECFD00385A0B /* Base */ = {isa = PBXFileReference; lastKnownFileType = file.storyboard; name = Base; path = Base.lproj/Main.storyboard; sourceTree = "<group>"; };
		9E406D852885ECFE00385A0B /* Assets.xcassets */ = {isa = PBXFileReference; lastKnownFileType = folder.assetcatalog; path = Assets.xcassets; sourceTree = "<group>"; };
		9E406D882885ECFE00385A0B /* Base */ = {isa = PBXFileReference; lastKnownFileType = file.storyboard; name = Base; path = Base.lproj/LaunchScreen.storyboard; sourceTree = "<group>"; };
		9E406D8A2885ECFE00385A0B /* Info.plist */ = {isa = PBXFileReference; lastKnownFileType = text.plist.xml; path = Info.plist; sourceTree = "<group>"; };
		9E406D912885ED1900385A0B /* Weather.swift */ = {isa = PBXFileReference; lastKnownFileType = sourcecode.swift; path = Weather.swift; sourceTree = "<group>"; };
		9E406D942885EE5900385A0B /* Webservice.swift */ = {isa = PBXFileReference; lastKnownFileType = sourcecode.swift; path = Webservice.swift; sourceTree = "<group>"; };
		9E406D972885EE7B00385A0B /* Constants.swift */ = {isa = PBXFileReference; lastKnownFileType = sourcecode.swift; path = Constants.swift; sourceTree = "<group>"; };
/* End PBXFileReference section */

/* Begin PBXFrameworksBuildPhase section */
		9E406D762885ECFD00385A0B /* Frameworks */ = {
			isa = PBXFrameworksBuildPhase;
			buildActionMask = 2147483647;
			files = (
			);
			runOnlyForDeploymentPostprocessing = 0;
		};
/* End PBXFrameworksBuildPhase section */

/* Begin PBXGroup section */
		9E406D702885ECFD00385A0B = {
			isa = PBXGroup;
			children = (
				9E406D7B2885ECFD00385A0B /* WeatherAppWithCombine */,
				9E406D7A2885ECFD00385A0B /* Products */,
			);
			sourceTree = "<group>";
		};
		9E406D7A2885ECFD00385A0B /* Products */ = {
			isa = PBXGroup;
			children = (
				9E406D792885ECFD00385A0B /* WeatherAppWithCombine.app */,
			);
			name = Products;
			sourceTree = "<group>";
		};
		9E406D7B2885ECFD00385A0B /* WeatherAppWithCombine */ = {
			isa = PBXGroup;
			children = (
				9E406D962885EE6C00385A0B /* Utils */,
				9E406D932885EE3D00385A0B /* Services */,
				9E406D902885ED0800385A0B /* Models */,
				9E406D7C2885ECFD00385A0B /* AppDelegate.swift */,
				9E406D7E2885ECFD00385A0B /* SceneDelegate.swift */,
				9E406D802885ECFD00385A0B /* ViewController.swift */,
				9E406D822885ECFD00385A0B /* Main.storyboard */,
				9E406D852885ECFE00385A0B /* Assets.xcassets */,
				9E406D872885ECFE00385A0B /* LaunchScreen.storyboard */,
				9E406D8A2885ECFE00385A0B /* Info.plist */,
			);
			path = WeatherAppWithCombine;
			sourceTree = "<group>";
		};
		9E406D902885ED0800385A0B /* Models */ = {
			isa = PBXGroup;
			children = (
				9E406D912885ED1900385A0B /* Weather.swift */,
			);
			path = Models;
			sourceTree = "<group>";
		};
		9E406D932885EE3D00385A0B /* Services */ = {
			isa = PBXGroup;
			children = (
				9E406D942885EE5900385A0B /* Webservice.swift */,
			);
			path = Services;
			sourceTree = "<group>";
		};
		9E406D962885EE6C00385A0B /* Utils */ = {
			isa = PBXGroup;
			children = (
				9E406D972885EE7B00385A0B /* Constants.swift */,
			);
			path = Utils;
			sourceTree = "<group>";
		};
/* End PBXGroup section */

/* Begin PBXNativeTarget section */
		9E406D782885ECFD00385A0B /* WeatherAppWithCombine */ = {
			isa = PBXNativeTarget;
			buildConfigurationList = 9E406D8D2885ECFE00385A0B /* Build configuration list for PBXNativeTarget "WeatherAppWithCombine" */;
			buildPhases = (
				9E406D752885ECFD00385A0B /* Sources */,
				9E406D762885ECFD00385A0B /* Frameworks */,
				9E406D772885ECFD00385A0B /* Resources */,
			);
			buildRules = (
			);
			dependencies = (
			);
			name = WeatherAppWithCombine;
			productName = WeatherAppWithCombine;
			productReference = 9E406D792885ECFD00385A0B /* WeatherAppWithCombine.app */;
			productType = "com.apple.product-type.application";
		};
/* End PBXNativeTarget section */

/* Begin PBXProject section */
		9E406D712885ECFD00385A0B /* Project object */ = {
			isa = PBXProject;
			attributes = {
				BuildIndependentTargetsInParallel = 1;
				LastSwiftUpdateCheck = 1340;
				LastUpgradeCheck = 1340;
				TargetAttributes = {
					9E406D782885ECFD00385A0B = {
						CreatedOnToolsVersion = 13.4.1;
					};
				};
			};
			buildConfigurationList = 9E406D742885ECFD00385A0B /* Build configuration list for PBXProject "WeatherAppWithCombine" */;
			compatibilityVersion = "Xcode 13.0";
			developmentRegion = en;
			hasScannedForEncodings = 0;
			knownRegions = (
				en,
				Base,
			);
			mainGroup = 9E406D702885ECFD00385A0B;
			productRefGroup = 9E406D7A2885ECFD00385A0B /* Products */;
			projectDirPath = "";
			projectRoot = "";
			targets = (
				9E406D782885ECFD00385A0B /* WeatherAppWithCombine */,
			);
		};
/* End PBXProject section */

/* Begin PBXResourcesBuildPhase section */
		9E406D772885ECFD00385A0B /* Resources */ = {
			isa = PBXResourcesBuildPhase;
			buildActionMask = 2147483647;
			files = (
				9E406D892885ECFE00385A0B /* LaunchScreen.storyboard in Resources */,
				9E406D862885ECFE00385A0B /* Assets.xcassets in Resources */,
				9E406D842885ECFD00385A0B /* Main.storyboard in Resources */,
			);
			runOnlyForDeploymentPostprocessing = 0;
		};
/* End PBXResourcesBuildPhase section */

/* Begin PBXSourcesBuildPhase section */
		9E406D752885ECFD00385A0B /* Sources */ = {
			isa = PBXSourcesBuildPhase;
			buildActionMask = 2147483647;
			files = (
				9E406D922885ED1900385A0B /* Weather.swift in Sources */,
				9E406D812885ECFD00385A0B /* ViewController.swift in Sources */,
				9E406D7D2885ECFD00385A0B /* AppDelegate.swift in Sources */,
				9E406D952885EE5900385A0B /* Webservice.swift in Sources */,
				9E406D7F2885ECFD00385A0B /* SceneDelegate.swift in Sources */,
				9E406D982885EE7B00385A0B /* Constants.swift in Sources */,
			);
			runOnlyForDeploymentPostprocessing = 0;
		};
/* End PBXSourcesBuildPhase section */

/* Begin PBXVariantGroup section */
		9E406D822885ECFD00385A0B /* Main.storyboard */ = {
			isa = PBXVariantGroup;
			children = (
				9E406D832885ECFD00385A0B /* Base */,
			);
			name = Main.storyboard;
			sourceTree = "<group>";
		};
		9E406D872885ECFE00385A0B /* LaunchScreen.storyboard */ = {
			isa = PBXVariantGroup;
			children = (
				9E406D882885ECFE00385A0B /* Base */,
			);
			name = LaunchScreen.storyboard;
			sourceTree = "<group>";
		};
/* End PBXVariantGroup section */

/* Begin XCBuildConfiguration section */
		9E406D8B2885ECFE00385A0B /* Debug */ = {
			isa = XCBuildConfiguration;
			buildSettings = {
				ALWAYS_SEARCH_USER_PATHS = NO;
				CLANG_ANALYZER_NONNULL = YES;
				CLANG_ANALYZER_NUMBER_OBJECT_CONVERSION = YES_AGGRESSIVE;
				CLANG_CXX_LANGUAGE_STANDARD = "gnu++17";
				CLANG_ENABLE_MODULES = YES;
				CLANG_ENABLE_OBJC_ARC = YES;
				CLANG_ENABLE_OBJC_WEAK = YES;
				CLANG_WARN_BLOCK_CAPTURE_AUTORELEASING = YES;
				CLANG_WARN_BOOL_CONVERSION = YES;
				CLANG_WARN_COMMA = YES;
				CLANG_WARN_CONSTANT_CONVERSION = YES;
				CLANG_WARN_DEPRECATED_OBJC_IMPLEMENTATIONS = YES;
				CLANG_WARN_DIRECT_OBJC_ISA_USAGE = YES_ERROR;
				CLANG_WARN_DOCUMENTATION_COMMENTS = YES;
				CLANG_WARN_EMPTY_BODY = YES;
				CLANG_WARN_ENUM_CONVERSION = YES;
				CLANG_WARN_INFINITE_RECURSION = YES;
				CLANG_WARN_INT_CONVERSION = YES;
				CLANG_WARN_NON_LITERAL_NULL_CONVERSION = YES;
				CLANG_WARN_OBJC_IMPLICIT_RETAIN_SELF = YES;
				CLANG_WARN_OBJC_LITERAL_CONVERSION = YES;
				CLANG_WARN_OBJC_ROOT_CLASS = YES_ERROR;
				CLANG_WARN_QUOTED_INCLUDE_IN_FRAMEWORK_HEADER = YES;
				CLANG_WARN_RANGE_LOOP_ANALYSIS = YES;
				CLANG_WARN_STRICT_PROTOTYPES = YES;
				CLANG_WARN_SUSPICIOUS_MOVE = YES;
				CLANG_WARN_UNGUARDED_AVAILABILITY = YES_AGGRESSIVE;
				CLANG_WARN_UNREACHABLE_CODE = YES;
				CLANG_WARN__DUPLICATE_METHOD_MATCH = YES;
				COPY_PHASE_STRIP = NO;
				DEBUG_INFORMATION_FORMAT = dwarf;
				ENABLE_STRICT_OBJC_MSGSEND = YES;
				ENABLE_TESTABILITY = YES;
				GCC_C_LANGUAGE_STANDARD = gnu11;
				GCC_DYNAMIC_NO_PIC = NO;
				GCC_NO_COMMON_BLOCKS = YES;
				GCC_OPTIMIZATION_LEVEL = 0;
				GCC_PREPROCESSOR_DEFINITIONS = (
					"DEBUG=1",
					"$(inherited)",
				);
				GCC_WARN_64_TO_32_BIT_CONVERSION = YES;
				GCC_WARN_ABOUT_RETURN_TYPE = YES_ERROR;
				GCC_WARN_UNDECLARED_SELECTOR = YES;
				GCC_WARN_UNINITIALIZED_AUTOS = YES_AGGRESSIVE;
				GCC_WARN_UNUSED_FUNCTION = YES;
				GCC_WARN_UNUSED_VARIABLE = YES;
				IPHONEOS_DEPLOYMENT_TARGET = 15.5;
				MTL_ENABLE_DEBUG_INFO = INCLUDE_SOURCE;
				MTL_FAST_MATH = YES;
				ONLY_ACTIVE_ARCH = YES;
				SDKROOT = iphoneos;
				SWIFT_ACTIVE_COMPILATION_CONDITIONS = DEBUG;
				SWIFT_OPTIMIZATION_LEVEL = "-Onone";
			};
			name = Debug;
		};
		9E406D8C2885ECFE00385A0B /* Release */ = {
			isa = XCBuildConfiguration;
			buildSettings = {
				ALWAYS_SEARCH_USER_PATHS = NO;
				CLANG_ANALYZER_NONNULL = YES;
				CLANG_ANALYZER_NUMBER_OBJECT_CONVERSION = YES_AGGRESSIVE;
				CLANG_CXX_LANGUAGE_STANDARD = "gnu++17";
				CLANG_ENABLE_MODULES = YES;
				CLANG_ENABLE_OBJC_ARC = YES;
				CLANG_ENABLE_OBJC_WEAK = YES;
				CLANG_WARN_BLOCK_CAPTURE_AUTORELEASING = YES;
				CLANG_WARN_BOOL_CONVERSION = YES;
				CLANG_WARN_COMMA = YES;
				CLANG_WARN_CONSTANT_CONVERSION = YES;
				CLANG_WARN_DEPRECATED_OBJC_IMPLEMENTATIONS = YES;
				CLANG_WARN_DIRECT_OBJC_ISA_USAGE = YES_ERROR;
				CLANG_WARN_DOCUMENTATION_COMMENTS = YES;
				CLANG_WARN_EMPTY_BODY = YES;
				CLANG_WARN_ENUM_CONVERSION = YES;
				CLANG_WARN_INFINITE_RECURSION = YES;
				CLANG_WARN_INT_CONVERSION = YES;
				CLANG_WARN_NON_LITERAL_NULL_CONVERSION = YES;
				CLANG_WARN_OBJC_IMPLICIT_RETAIN_SELF = YES;
				CLANG_WARN_OBJC_LITERAL_CONVERSION = YES;
				CLANG_WARN_OBJC_ROOT_CLASS = YES_ERROR;
				CLANG_WARN_QUOTED_INCLUDE_IN_FRAMEWORK_HEADER = YES;
				CLANG_WARN_RANGE_LOOP_ANALYSIS = YES;
				CLANG_WARN_STRICT_PROTOTYPES = YES;
				CLANG_WARN_SUSPICIOUS_MOVE = YES;
				CLANG_WARN_UNGUARDED_AVAILABILITY = YES_AGGRESSIVE;
				CLANG_WARN_UNREACHABLE_CODE = YES;
				CLANG_WARN__DUPLICATE_METHOD_MATCH = YES;
				COPY_PHASE_STRIP = NO;
				DEBUG_INFORMATION_FORMAT = "dwarf-with-dsym";
				ENABLE_NS_ASSERTIONS = NO;
				ENABLE_STRICT_OBJC_MSGSEND = YES;
				GCC_C_LANGUAGE_STANDARD = gnu11;
				GCC_NO_COMMON_BLOCKS = YES;
				GCC_WARN_64_TO_32_BIT_CONVERSION = YES;
				GCC_WARN_ABOUT_RETURN_TYPE = YES_ERROR;
				GCC_WARN_UNDECLARED_SELECTOR = YES;
				GCC_WARN_UNINITIALIZED_AUTOS = YES_AGGRESSIVE;
				GCC_WARN_UNUSED_FUNCTION = YES;
				GCC_WARN_UNUSED_VARIABLE = YES;
				IPHONEOS_DEPLOYMENT_TARGET = 15.5;
				MTL_ENABLE_DEBUG_INFO = NO;
				MTL_FAST_MATH = YES;
				SDKROOT = iphoneos;
				SWIFT_COMPILATION_MODE = wholemodule;
				SWIFT_OPTIMIZATION_LEVEL = "-O";
				VALIDATE_PRODUCT = YES;
			};
			name = Release;
		};
		9E406D8E2885ECFE00385A0B /* Debug */ = {
			isa = XCBuildConfiguration;
			buildSettings = {
				ASSETCATALOG_COMPILER_APPICON_NAME = AppIcon;
				ASSETCATALOG_COMPILER_GLOBAL_ACCENT_COLOR_NAME = AccentColor;
				CODE_SIGN_STYLE = Automatic;
				CURRENT_PROJECT_VERSION = 1;
				DEVELOPMENT_TEAM = 3NCWNJDK68;
				GENERATE_INFOPLIST_FILE = YES;
				INFOPLIST_FILE = WeatherAppWithCombine/Info.plist;
				INFOPLIST_KEY_UIApplicationSupportsIndirectInputEvents = YES;
				INFOPLIST_KEY_UILaunchStoryboardName = LaunchScreen;
				INFOPLIST_KEY_UIMainStoryboardFile = Main;
				INFOPLIST_KEY_UISupportedInterfaceOrientations_iPad = "UIInterfaceOrientationPortrait UIInterfaceOrientationPortraitUpsideDown UIInterfaceOrientationLandscapeLeft UIInterfaceOrientationLandscapeRight";
				INFOPLIST_KEY_UISupportedInterfaceOrientations_iPhone = "UIInterfaceOrientationPortrait UIInterfaceOrientationLandscapeLeft UIInterfaceOrientationLandscapeRight";
				LD_RUNPATH_SEARCH_PATHS = (
					"$(inherited)",
					"@executable_path/Frameworks",
				);
				MARKETING_VERSION = 1.0;
				PRODUCT_BUNDLE_IDENTIFIER = com.ugozeal.WeatherAppWithCombine;
				PRODUCT_NAME = "$(TARGET_NAME)";
				SWIFT_EMIT_LOC_STRINGS = YES;
				SWIFT_VERSION = 5.0;
				TARGETED_DEVICE_FAMILY = "1,2";
			};
			name = Debug;
		};
		9E406D8F2885ECFE00385A0B /* Release */ = {
			isa = XCBuildConfiguration;
			buildSettings = {
				ASSETCATALOG_COMPILER_APPICON_NAME = AppIcon;
				ASSETCATALOG_COMPILER_GLOBAL_ACCENT_COLOR_NAME = AccentColor;
				CODE_SIGN_STYLE = Automatic;
				CURRENT_PROJECT_VERSION = 1;
				DEVELOPMENT_TEAM = 3NCWNJDK68;
				GENERATE_INFOPLIST_FILE = YES;
				INFOPLIST_FILE = WeatherAppWithCombine/Info.plist;
				INFOPLIST_KEY_UIApplicationSupportsIndirectInputEvents = YES;
				INFOPLIST_KEY_UILaunchStoryboardName = LaunchScreen;
				INFOPLIST_KEY_UIMainStoryboardFile = Main;
				INFOPLIST_KEY_UISupportedInterfaceOrientations_iPad = "UIInterfaceOrientationPortrait UIInterfaceOrientationPortraitUpsideDown UIInterfaceOrientationLandscapeLeft UIInterfaceOrientationLandscapeRight";
				INFOPLIST_KEY_UISupportedInterfaceOrientations_iPhone = "UIInterfaceOrientationPortrait UIInterfaceOrientationLandscapeLeft UIInterfaceOrientationLandscapeRight";
				LD_RUNPATH_SEARCH_PATHS = (
					"$(inherited)",
					"@executable_path/Frameworks",
				);
				MARKETING_VERSION = 1.0;
				PRODUCT_BUNDLE_IDENTIFIER = com.ugozeal.WeatherAppWithCombine;
				PRODUCT_NAME = "$(TARGET_NAME)";
				SWIFT_EMIT_LOC_STRINGS = YES;
				SWIFT_VERSION = 5.0;
				TARGETED_DEVICE_FAMILY = "1,2";
			};
			name = Release;
		};
/* End XCBuildConfiguration section */

/* Begin XCConfigurationList section */
		9E406D742885ECFD00385A0B /* Build configuration list for PBXProject "WeatherAppWithCombine" */ = {
			isa = XCConfigurationList;
			buildConfigurations = (
				9E406D8B2885ECFE00385A0B /* Debug */,
				9E406D8C2885ECFE00385A0B /* Release */,
			);
			defaultConfigurationIsVisible = 0;
			defaultConfigurationName = Release;
		};
		9E406D8D2885ECFE00385A0B /* Build configuration list for PBXNativeTarget "WeatherAppWithCombine" */ = {
			isa = XCConfigurationList;
			buildConfigurations = (
				9E406D8E2885ECFE00385A0B /* Debug */,
				9E406D8F2885ECFE00385A0B /* Release */,
			);
			defaultConfigurationIsVisible = 0;
			defaultConfigurationName = Release;
		};
/* End XCConfigurationList section */
	};
	rootObject = 9E406D712885ECFD00385A0B /* Project object */;
}
